{
  "object": {
    "pins": [
      {
        "package": "Codextended",
        "repositoryURL": "https://github.com/johnsundell/codextended.git",
        "state": {
          "branch": null,
          "revision": "8d7c46dfc9c55240870cf5561d6cefa41e3d7105",
          "version": "0.3.0"
        }
      },
      {
        "package": "FaviconPublishPlugin",
        "repositoryURL": "https://github.com/TG908/FaviconPublishPlugin.git",
        "state": {
          "branch": null,
          "revision": "8e78eef8c1b6c596007e51a87729ee50da50579d",
          "version": "0.0.3"
        }
      },
      {
        "package": "Files",
        "repositoryURL": "https://github.com/johnsundell/files.git",
        "state": {
          "branch": null,
          "revision": "22fe84797d499ffca911ccd896b34efaf06a50b9",
          "version": "4.1.1"
        }
      },
      {
        "package": "Ink",
        "repositoryURL": "https://github.com/johnsundell/ink.git",
        "state": {
          "branch": null,
          "revision": "a9a1a0190aaacc9058a2bfbdcd831785eac26f43",
          "version": "0.3.0"
        }
      },
      {
        "package": "Plot",
        "repositoryURL": "https://github.com/johnsundell/plot.git",
        "state": {
          "branch": null,
          "revision": "ccabb2674ca0d9ccfabd5e7c0c44c6cca6c827fb",
          "version": "0.5.0"
        }
      },
      {
        "package": "Publish",
        "repositoryURL": "https://github.com/johnsundell/publish.git",
        "state": {
          "branch": null,
          "revision": "c1bde99ec71f992cbe7dec6310759b14258567a8",
          "version": "0.3.0"
        }
      },
      {
        "package": "PygmentsPublishPlugin",
        "repositoryURL": "https://github.com/TG908/PygmentsPublishPlugin.git",
        "state": {
          "branch": null,
          "revision": "d23d186913eaf388ba70000ddd1d76f1fa67f5df",
          "version": "0.0.6"
        }
      },
      {
        "package": "Sweep",
        "repositoryURL": "https://github.com/johnsundell/sweep.git",
        "state": {
          "branch": null,
          "revision": "d357d12c9558e51f037bf2f956d5cf6c73dc0d44",
          "version": "0.3.0"
        }
      }
    ]
  },
  "version": 1
}
